
Microsoft Visual Studio Solution File, Format Version 12.00
# Visual Studio Version 16
VisualStudioVersion = 16.0.29709.97
MinimumVisualStudioVersion = 10.0.40219.1
Project("{9092AA53-FB77-4645-B42D-1CCCA6BD08BD}") = "CompilerPiper", "CompilerPiper.njsproj", "{B3D238BB-3C83-458B-8D6B-0B0BA3252560}"
EndProject
Global
	GlobalSection(SolutionConfigurationPlatforms) = preSolution
		Debug|Any CPU = Debug|Any CPU
		Release|Any CPU = Release|Any CPU
	EndGlobalSection
	GlobalSection(ProjectConfigurationPlatforms) = postSolution
		{B3D238BB-3C83-458B-8D6B-0B0BA3252560}.Debug|Any CPU.ActiveCfg = Debug|Any CPU
		{B3D238BB-3C83-458B-8D6B-0B0BA3252560}.Debug|Any CPU.Build.0 = Debug|Any CPU
		{B3D238BB-3C83-458B-8D6B-0B0BA3252560}.Release|Any CPU.ActiveCfg = Release|Any CPU
		{B3D238BB-3C83-458B-8D6B-0B0BA3252560}.Release|Any CPU.Build.0 = Release|Any CPU
	EndGlobalSection
	GlobalSection(SolutionProperties) = preSolution
		HideSolutionNode = FALSE
	EndGlobalSection
	GlobalSection(ExtensibilityGlobals) = postSolution
		SolutionGuid = {292CFC58-B0C0-4B1B-BA5C-C3761E1F6B09}
	EndGlobalSection
EndGlobal
